
Microsoft Visual Studio Solution File, Format Version 12.00
# Visual Studio Version 16
VisualStudioVersion = 25.0.1703.8
MinimumVisualStudioVersion = 10.0.40219.1
Project("{FAE04EC0-301F-11D3-BF4B-00C04F79EFBC}") = "BeatTheBank", "BeatTheBank\BeatTheBank.csproj", "{C9EA0772-BB07-4E0C-AB55-97D1564D6D3C}"
EndProject
Project("{2150E333-8FDC-42A3-9474-1A3956D46DE8}") = "Solution Items", "Solution Items", "{7E287865-CFD6-4818-AA10-40F808B7C025}"
	ProjectSection(SolutionItems) = preProject
		readme.md = readme.md
	EndProjectSection
EndProject
Global
	GlobalSection(SolutionConfigurationPlatforms) = preSolution
		Debug|Any CPU = Debug|Any CPU
		Release|Any CPU = Release|Any CPU
	EndGlobalSection
	GlobalSection(ProjectConfigurationPlatforms) = postSolution
		{C9EA0772-BB07-4E0C-AB55-97D1564D6D3C}.Debug|Any CPU.ActiveCfg = Debug|Any CPU
		{C9EA0772-BB07-4E0C-AB55-97D1564D6D3C}.Debug|Any CPU.Build.0 = Debug|Any CPU
		{C9EA0772-BB07-4E0C-AB55-97D1564D6D3C}.Release|Any CPU.ActiveCfg = Release|Any CPU
		{C9EA0772-BB07-4E0C-AB55-97D1564D6D3C}.Release|Any CPU.Build.0 = Release|Any CPU
	EndGlobalSection
	GlobalSection(SolutionProperties) = preSolution
		HideSolutionNode = FALSE
	EndGlobalSection
	GlobalSection(ExtensibilityGlobals) = postSolution
		SolutionGuid = {2CC32C52-5F2D-4D11-8C37-CBCD9586C635}
	EndGlobalSection
EndGlobal
